
Microsoft Visual Studio Solution File, Format Version 12.00
# Visual Studio Version 17
VisualStudioVersion = 17.0.31903.59
MinimumVisualStudioVersion = 10.0.40219.1
Project("{2150E333-8FDC-42A3-9474-1A3956D46DE8}") = "src", "src", "{827E0CD3-B72D-47B6-A68D-7590B98EB39B}"
EndProject
Project("{FAE04EC0-301F-11D3-BF4B-00C04F79EFBC}") = "GMS.Domain", "src\GMS.Domain\GMS.Domain.csproj", "{FC486388-904B-4F1E-B790-B35674F7B6D3}"
EndProject
Project("{FAE04EC0-301F-11D3-BF4B-00C04F79EFBC}") = "GMS.Application", "src\GMS.Application\GMS.Application.csproj", "{117A5A7E-F1DB-4C17-92EA-705E9C9541A3}"
EndProject
Project("{FAE04EC0-301F-11D3-BF4B-00C04F79EFBC}") = "GMS.Infrastructure", "src\GMS.Infrastructure\GMS.Infrastructure.csproj", "{EFDE4404-9273-41AD-9018-2980F7A306D7}"
EndProject
Project("{FAE04EC0-301F-11D3-BF4B-00C04F79EFBC}") = "GMS.Shared", "src\GMS.Shared\GMS.Shared.csproj", "{9E9111F8-B459-4845-A07A-E43310DB1E8B}"
EndProject
Project("{FAE04EC0-301F-11D3-BF4B-00C04F79EFBC}") = "GMS.Desktop", "src\GMS.Desktop\GMS.Desktop.csproj", "{14CBF0F5-AA8B-44F1-8E8D-F9C537CA1B5D}"
EndProject
Global
	GlobalSection(SolutionConfigurationPlatforms) = preSolution
		Debug|Any CPU = Debug|Any CPU
		Debug|x64 = Debug|x64
		Debug|x86 = Debug|x86
		Release|Any CPU = Release|Any CPU
		Release|x64 = Release|x64
		Release|x86 = Release|x86
	EndGlobalSection
	GlobalSection(ProjectConfigurationPlatforms) = postSolution
		{FC486388-904B-4F1E-B790-B35674F7B6D3}.Debug|Any CPU.ActiveCfg = Debug|Any CPU
		{FC486388-904B-4F1E-B790-B35674F7B6D3}.Debug|Any CPU.Build.0 = Debug|Any CPU
		{FC486388-904B-4F1E-B790-B35674F7B6D3}.Debug|x64.ActiveCfg = Debug|Any CPU
		{FC486388-904B-4F1E-B790-B35674F7B6D3}.Debug|x64.Build.0 = Debug|Any CPU
		{FC486388-904B-4F1E-B790-B35674F7B6D3}.Debug|x86.ActiveCfg = Debug|Any CPU
		{FC486388-904B-4F1E-B790-B35674F7B6D3}.Debug|x86.Build.0 = Debug|Any CPU
		{FC486388-904B-4F1E-B790-B35674F7B6D3}.Release|Any CPU.ActiveCfg = Release|Any CPU
		{FC486388-904B-4F1E-B790-B35674F7B6D3}.Release|Any CPU.Build.0 = Release|Any CPU
		{FC486388-904B-4F1E-B790-B35674F7B6D3}.Release|x64.ActiveCfg = Release|Any CPU
		{FC486388-904B-4F1E-B790-B35674F7B6D3}.Release|x64.Build.0 = Release|Any CPU
		{FC486388-904B-4F1E-B790-B35674F7B6D3}.Release|x86.ActiveCfg = Release|Any CPU
		{FC486388-904B-4F1E-B790-B35674F7B6D3}.Release|x86.Build.0 = Release|Any CPU
		{117A5A7E-F1DB-4C17-92EA-705E9C9541A3}.Debug|Any CPU.ActiveCfg = Debug|Any CPU
		{117A5A7E-F1DB-4C17-92EA-705E9C9541A3}.Debug|Any CPU.Build.0 = Debug|Any CPU
		{117A5A7E-F1DB-4C17-92EA-705E9C9541A3}.Debug|x64.ActiveCfg = Debug|Any CPU
		{117A5A7E-F1DB-4C17-92EA-705E9C9541A3}.Debug|x64.Build.0 = Debug|Any CPU
		{117A5A7E-F1DB-4C17-92EA-705E9C9541A3}.Debug|x86.ActiveCfg = Debug|Any CPU
		{117A5A7E-F1DB-4C17-92EA-705E9C9541A3}.Debug|x86.Build.0 = Debug|Any CPU
		{117A5A7E-F1DB-4C17-92EA-705E9C9541A3}.Release|Any CPU.ActiveCfg = Release|Any CPU
		{117A5A7E-F1DB-4C17-92EA-705E9C9541A3}.Release|Any CPU.Build.0 = Release|Any CPU
		{117A5A7E-F1DB-4C17-92EA-705E9C9541A3}.Release|x64.ActiveCfg = Release|Any CPU
		{117A5A7E-F1DB-4C17-92EA-705E9C9541A3}.Release|x64.Build.0 = Release|Any CPU
		{117A5A7E-F1DB-4C17-92EA-705E9C9541A3}.Release|x86.ActiveCfg = Release|Any CPU
		{117A5A7E-F1DB-4C17-92EA-705E9C9541A3}.Release|x86.Build.0 = Release|Any CPU
		{EFDE4404-9273-41AD-9018-2980F7A306D7}.Debug|Any CPU.ActiveCfg = Debug|Any CPU
		{EFDE4404-9273-41AD-9018-2980F7A306D7}.Debug|Any CPU.Build.0 = Debug|Any CPU
		{EFDE4404-9273-41AD-9018-2980F7A306D7}.Debug|x64.ActiveCfg = Debug|Any CPU
		{EFDE4404-9273-41AD-9018-2980F7A306D7}.Debug|x64.Build.0 = Debug|Any CPU
		{EFDE4404-9273-41AD-9018-2980F7A306D7}.Debug|x86.ActiveCfg = Debug|Any CPU
		{EFDE4404-9273-41AD-9018-2980F7A306D7}.Debug|x86.Build.0 = Debug|Any CPU
		{EFDE4404-9273-41AD-9018-2980F7A306D7}.Release|Any CPU.ActiveCfg = Release|Any CPU
		{EFDE4404-9273-41AD-9018-2980F7A306D7}.Release|Any CPU.Build.0 = Release|Any CPU
		{EFDE4404-9273-41AD-9018-2980F7A306D7}.Release|x64.ActiveCfg = Release|Any CPU
		{EFDE4404-9273-41AD-9018-2980F7A306D7}.Release|x64.Build.0 = Release|Any CPU
		{EFDE4404-9273-41AD-9018-2980F7A306D7}.Release|x86.ActiveCfg = Release|Any CPU
		{EFDE4404-9273-41AD-9018-2980F7A306D7}.Release|x86.Build.0 = Release|Any CPU
		{9E9111F8-B459-4845-A07A-E43310DB1E8B}.Debug|Any CPU.ActiveCfg = Debug|Any CPU
		{9E9111F8-B459-4845-A07A-E43310DB1E8B}.Debug|Any CPU.Build.0 = Debug|Any CPU
		{9E9111F8-B459-4845-A07A-E43310DB1E8B}.Debug|x64.ActiveCfg = Debug|Any CPU
		{9E9111F8-B459-4845-A07A-E43310DB1E8B}.Debug|x64.Build.0 = Debug|Any CPU
		{9E9111F8-B459-4845-A07A-E43310DB1E8B}.Debug|x86.ActiveCfg = Debug|Any CPU
		{9E9111F8-B459-4845-A07A-E43310DB1E8B}.Debug|x86.Build.0 = Debug|Any CPU
		{9E9111F8-B459-4845-A07A-E43310DB1E8B}.Release|Any CPU.ActiveCfg = Release|Any CPU
		{9E9111F8-B459-4845-A07A-E43310DB1E8B}.Release|Any CPU.Build.0 = Release|Any CPU
		{9E9111F8-B459-4845-A07A-E43310DB1E8B}.Release|x64.ActiveCfg = Release|Any CPU
		{9E9111F8-B459-4845-A07A-E43310DB1E8B}.Release|x64.Build.0 = Release|Any CPU
		{9E9111F8-B459-4845-A07A-E43310DB1E8B}.Release|x86.ActiveCfg = Release|Any CPU
		{9E9111F8-B459-4845-A07A-E43310DB1E8B}.Release|x86.Build.0 = Release|Any CPU
		{14CBF0F5-AA8B-44F1-8E8D-F9C537CA1B5D}.Debug|Any CPU.ActiveCfg = Debug|Any CPU
		{14CBF0F5-AA8B-44F1-8E8D-F9C537CA1B5D}.Debug|Any CPU.Build.0 = Debug|Any CPU
		{14CBF0F5-AA8B-44F1-8E8D-F9C537CA1B5D}.Debug|x64.ActiveCfg = Debug|Any CPU
		{14CBF0F5-AA8B-44F1-8E8D-F9C537CA1B5D}.Debug|x64.Build.0 = Debug|Any CPU
		{14CBF0F5-AA8B-44F1-8E8D-F9C537CA1B5D}.Debug|x86.ActiveCfg = Debug|Any CPU
		{14CBF0F5-AA8B-44F1-8E8D-F9C537CA1B5D}.Debug|x86.Build.0 = Debug|Any CPU
		{14CBF0F5-AA8B-44F1-8E8D-F9C537CA1B5D}.Release|Any CPU.ActiveCfg = Release|Any CPU
		{14CBF0F5-AA8B-44F1-8E8D-F9C537CA1B5D}.Release|Any CPU.Build.0 = Release|Any CPU
		{14CBF0F5-AA8B-44F1-8E8D-F9C537CA1B5D}.Release|x64.ActiveCfg = Release|Any CPU
		{14CBF0F5-AA8B-44F1-8E8D-F9C537CA1B5D}.Release|x64.Build.0 = Release|Any CPU
		{14CBF0F5-AA8B-44F1-8E8D-F9C537CA1B5D}.Release|x86.ActiveCfg = Release|Any CPU
		{14CBF0F5-AA8B-44F1-8E8D-F9C537CA1B5D}.Release|x86.Build.0 = Release|Any CPU
	EndGlobalSection
	GlobalSection(SolutionProperties) = preSolution
		HideSolutionNode = FALSE
	EndGlobalSection
	GlobalSection(NestedProjects) = preSolution
		{FC486388-904B-4F1E-B790-B35674F7B6D3} = {827E0CD3-B72D-47B6-A68D-7590B98EB39B}
		{117A5A7E-F1DB-4C17-92EA-705E9C9541A3} = {827E0CD3-B72D-47B6-A68D-7590B98EB39B}
		{EFDE4404-9273-41AD-9018-2980F7A306D7} = {827E0CD3-B72D-47B6-A68D-7590B98EB39B}
		{9E9111F8-B459-4845-A07A-E43310DB1E8B} = {827E0CD3-B72D-47B6-A68D-7590B98EB39B}
		{14CBF0F5-AA8B-44F1-8E8D-F9C537CA1B5D} = {827E0CD3-B72D-47B6-A68D-7590B98EB39B}
	EndGlobalSection
EndGlobal
